{
  "nodes": {
    "flake-utils": {
      "inputs": {
        "systems": "systems"
      },
      "locked": {
        "lastModified": 1694529238,
        "narHash": "sha256-zsNZZGTGnMOf9YpHKJqMSsa0dXbfmxeoJ7xHlrt+xmY=",
        "owner": "numtide",
        "repo": "flake-utils",
        "rev": "ff7b65b44d01cf9ba6a71320833626af21126384",
        "type": "github"
      },
      "original": {
        "owner": "numtide",
        "repo": "flake-utils",
        "type": "github"
      }
    },
    "nixpkgs": {
      "locked": {
        "lastModified": 1697991151,
        "narHash": "sha256-9nUBkb0cBDORYIsLmuzuQLDaA37fLTfHroip0gMNsm4=",
        "owner": "nixos",
        "repo": "nixpkgs",
        "rev": "622e349f44d6c488d68e4791fcb5ae33bd9e9631",
        "type": "github"
      },
      "original": {
        "owner": "nixos",
        "repo": "nixpkgs",
        "type": "github"
      }
    },
    "root": {
      "inputs": {
        "flake-utils": "flake-utils",
        "nixpkgs": "nixpkgs",
        "rust-dev-tools": "rust-dev-tools"
      }
    },
    "rust-dev-tools": {
      "inputs": {
        "flake-utils": [
          "flake-utils"
        ],
        "nixpkgs": [
          "nixpkgs"
        ],
        "rust-overlay": "rust-overlay"
      },
      "locked": {
        "lastModified": 1697991091,
        "narHash": "sha256-KalE1ZCL/sgsrt4adRsMNO7r2teOoBUiFOUeleheMwY=",
        "owner": "cfcosta",
        "repo": "rust-dev-tools.nix",
        "rev": "3b39607f543b4433a1c87059915ce0adbd643438",
        "type": "github"
      },
      "original": {
        "owner": "cfcosta",
        "repo": "rust-dev-tools.nix",
        "type": "github"
      }
    },
    "rust-overlay": {
      "inputs": {
        "flake-utils": [
          "rust-dev-tools",
          "flake-utils"
        ],
        "nixpkgs": [
          "rust-dev-tools",
          "nixpkgs"
        ]
      },
      "locked": {
        "lastModified": 1697767917,
        "narHash": "sha256-9+FjCVE1Y7iUKohBF43yD05KoQB+FPcw/XL2rlKkjqY=",
        "owner": "oxalica",
        "repo": "rust-overlay",
        "rev": "679ea0878edc749f23516ea6d7ffa974c6304bf5",
        "type": "github"
      },
      "original": {
        "owner": "oxalica",
        "repo": "rust-overlay",
        "type": "github"
      }
    },
    "systems": {
      "locked": {
        "lastModified": 1681028828,
        "narHash": "sha256-Vy1rq5AaRuLzOxct8nz4T6wlgyUR7zLU309k9mBC768=",
        "owner": "nix-systems",
        "repo": "default",
        "rev": "da67096a3b9bf56a91d16901293e51ba5b49a27e",
        "type": "github"
      },
      "original": {
        "owner": "nix-systems",
        "repo": "default",
        "type": "github"
      }
    }
  },
  "root": "root",
  "version": 7
}
